
Microsoft Visual Studio Solution File, Format Version 12.00
# Visual Studio 2012
Project("{FAE04EC0-301F-11D3-BF4B-00C04F79EFBC}") = "ISS.CWS", "ISS.CWS\ISS.CWS.csproj", "{BDA5BEF3-0AE5-43BE-9682-EC8773AEE91A}"
EndProject
Project("{FAE04EC0-301F-11D3-BF4B-00C04F79EFBC}") = "ISS.CWS.Test", "ISS.CWS.Test\ISS.CWS.Test.csproj", "{1ADD5AFC-CB1E-4B0E-B7DE-8882469F057F}"
EndProject
Global
	GlobalSection(SolutionConfigurationPlatforms) = preSolution
		Debug|Any CPU = Debug|Any CPU
		Release|Any CPU = Release|Any CPU
	EndGlobalSection
	GlobalSection(ProjectConfigurationPlatforms) = postSolution
		{BDA5BEF3-0AE5-43BE-9682-EC8773AEE91A}.Debug|Any CPU.ActiveCfg = Debug|Any CPU
		{BDA5BEF3-0AE5-43BE-9682-EC8773AEE91A}.Debug|Any CPU.Build.0 = Debug|Any CPU
		{BDA5BEF3-0AE5-43BE-9682-EC8773AEE91A}.Release|Any CPU.ActiveCfg = Release|Any CPU
		{BDA5BEF3-0AE5-43BE-9682-EC8773AEE91A}.Release|Any CPU.Build.0 = Release|Any CPU
		{1ADD5AFC-CB1E-4B0E-B7DE-8882469F057F}.Debug|Any CPU.ActiveCfg = Debug|Any CPU
		{1ADD5AFC-CB1E-4B0E-B7DE-8882469F057F}.Debug|Any CPU.Build.0 = Debug|Any CPU
		{1ADD5AFC-CB1E-4B0E-B7DE-8882469F057F}.Release|Any CPU.ActiveCfg = Release|Any CPU
		{1ADD5AFC-CB1E-4B0E-B7DE-8882469F057F}.Release|Any CPU.Build.0 = Release|Any CPU
	EndGlobalSection
	GlobalSection(SolutionProperties) = preSolution
		HideSolutionNode = FALSE
	EndGlobalSection
EndGlobal
